
Microsoft Visual Studio Solution File, Format Version 12.00
# Visual Studio Version 17
VisualStudioVersion = 17.8.34511.84
MinimumVisualStudioVersion = 10.0.40219.1
Project("{FAE04EC0-301F-11D3-BF4B-00C04F79EFBC}") = "IntegrationTesting", "IntegrationTesting\IntegrationTesting.csproj", "{51ACD81B-CB87-4E4A-BED3-4F85E703007B}"
EndProject
Global
	GlobalSection(SolutionConfigurationPlatforms) = preSolution
		Debug|Any CPU = Debug|Any CPU
		Release|Any CPU = Release|Any CPU
	EndGlobalSection
	GlobalSection(ProjectConfigurationPlatforms) = postSolution
		{51ACD81B-CB87-4E4A-BED3-4F85E703007B}.Debug|Any CPU.ActiveCfg = Debug|Any CPU
		{51ACD81B-CB87-4E4A-BED3-4F85E703007B}.Debug|Any CPU.Build.0 = Debug|Any CPU
		{51ACD81B-CB87-4E4A-BED3-4F85E703007B}.Release|Any CPU.ActiveCfg = Release|Any CPU
		{51ACD81B-CB87-4E4A-BED3-4F85E703007B}.Release|Any CPU.Build.0 = Release|Any CPU
	EndGlobalSection
	GlobalSection(SolutionProperties) = preSolution
		HideSolutionNode = FALSE
	EndGlobalSection
	GlobalSection(ExtensibilityGlobals) = postSolution
		SolutionGuid = {58AA8EC8-4DFD-40D5-A870-729AFC2AE161}
	EndGlobalSection
EndGlobal
